
Microsoft Visual Studio Solution File, Format Version 12.00
# Visual Studio 15
VisualStudioVersion = 15.0.28010.2048
MinimumVisualStudioVersion = 10.0.40219.1
Project("{9A19103F-16F7-4668-BE54-9A1E7A4F7556}") = "ImmutableDictionary", "ImmutableDictionary\ImmutableDictionary.csproj", "{905D44FE-6427-4608-BAB3-E594CDB536DB}"
EndProject
Project("{FAE04EC0-301F-11D3-BF4B-00C04F79EFBC}") = "ImmutableDictionary.Tests", "ImmutableDictionary.Tests\ImmutableDictionary.Tests.csproj", "{57AE8F30-0321-4F14-8F35-F436CBA3C6CF}"
EndProject
Global
	GlobalSection(SolutionConfigurationPlatforms) = preSolution
		Debug|Any CPU = Debug|Any CPU
		Release|Any CPU = Release|Any CPU
	EndGlobalSection
	GlobalSection(ProjectConfigurationPlatforms) = postSolution
		{905D44FE-6427-4608-BAB3-E594CDB536DB}.Debug|Any CPU.ActiveCfg = Debug|Any CPU
		{905D44FE-6427-4608-BAB3-E594CDB536DB}.Debug|Any CPU.Build.0 = Debug|Any CPU
		{905D44FE-6427-4608-BAB3-E594CDB536DB}.Release|Any CPU.ActiveCfg = Release|Any CPU
		{905D44FE-6427-4608-BAB3-E594CDB536DB}.Release|Any CPU.Build.0 = Release|Any CPU
		{57AE8F30-0321-4F14-8F35-F436CBA3C6CF}.Debug|Any CPU.ActiveCfg = Debug|Any CPU
		{57AE8F30-0321-4F14-8F35-F436CBA3C6CF}.Debug|Any CPU.Build.0 = Debug|Any CPU
		{57AE8F30-0321-4F14-8F35-F436CBA3C6CF}.Release|Any CPU.ActiveCfg = Release|Any CPU
		{57AE8F30-0321-4F14-8F35-F436CBA3C6CF}.Release|Any CPU.Build.0 = Release|Any CPU
	EndGlobalSection
	GlobalSection(SolutionProperties) = preSolution
		HideSolutionNode = FALSE
	EndGlobalSection
	GlobalSection(ExtensibilityGlobals) = postSolution
		SolutionGuid = {CD73A1BB-B4E3-4AF7-9980-DCA554858B34}
	EndGlobalSection
EndGlobal
